
Microsoft Visual Studio Solution File, Format Version 12.00
# Visual Studio Version 17
VisualStudioVersion = 17.14.36119.2
MinimumVisualStudioVersion = 10.0.40219.1
Project("{FAE04EC0-301F-11D3-BF4B-00C04F79EFBC}") = "BigTic", "D:\BigTic\BigTic.csproj", "{4BCB9C56-A64D-4FA2-A768-C4C127B31159}"
EndProject
Global
	GlobalSection(SolutionConfigurationPlatforms) = preSolution
		Debug|Any CPU = Debug|Any CPU
		Release|Any CPU = Release|Any CPU
	EndGlobalSection
	GlobalSection(ProjectConfigurationPlatforms) = postSolution
		{4BCB9C56-A64D-4FA2-A768-C4C127B31159}.Debug|Any CPU.ActiveCfg = Debug|Any CPU
		{4BCB9C56-A64D-4FA2-A768-C4C127B31159}.Debug|Any CPU.Build.0 = Debug|Any CPU
		{4BCB9C56-A64D-4FA2-A768-C4C127B31159}.Release|Any CPU.ActiveCfg = Release|Any CPU
		{4BCB9C56-A64D-4FA2-A768-C4C127B31159}.Release|Any CPU.Build.0 = Release|Any CPU
	EndGlobalSection
	GlobalSection(SolutionProperties) = preSolution
		HideSolutionNode = FALSE
	EndGlobalSection
	GlobalSection(ExtensibilityGlobals) = postSolution
		SolutionGuid = {B8C7E0FD-D564-4D3B-A280-C0446555FE5C}
	EndGlobalSection
EndGlobal
